
Microsoft Visual Studio Solution File, Format Version 12.00
# Visual Studio 14
VisualStudioVersion = 14.0.25123.0
MinimumVisualStudioVersion = 10.0.40219.1
Project("{D954291E-2A0B-460D-934E-DC6B0785DB48}") = "FDCCommanderBase", "FDCCommanderBase\FDCCommanderBase.shproj", "{1F6E5DB1-ABD3-4DAC-B40F-FE7CACF4DF68}"
EndProject
Project("{FAE04EC0-301F-11D3-BF4B-00C04F79EFBC}") = "FDC Commander Android", "FDC Commander Android\FDC Commander Android.csproj", "{305112E2-42FC-4C97-828E-435EB257379B}"
EndProject
Project("{FAE04EC0-301F-11D3-BF4B-00C04F79EFBC}") = "FDC Commander iOS", "FDC Commander iOS\FDC Commander iOS.csproj", "{93BC34B3-0F78-4F11-82BE-8C88D48CAD3D}"
EndProject
Global
	GlobalSection(SharedMSBuildProjectFiles) = preSolution
		FDCCommanderBase\FDCCommanderBase.projitems*{305112e2-42fc-4c97-828e-435eb257379b}*SharedItemsImports = 4
		FDCCommanderBase\FDCCommanderBase.projitems*{1f6e5db1-abd3-4dac-b40f-fe7cacf4df68}*SharedItemsImports = 13
	EndGlobalSection
	GlobalSection(SolutionConfigurationPlatforms) = preSolution
		Ad-Hoc|Any CPU = Ad-Hoc|Any CPU
		Ad-Hoc|iPhone = Ad-Hoc|iPhone
		Ad-Hoc|iPhoneSimulator = Ad-Hoc|iPhoneSimulator
		AppStore|Any CPU = AppStore|Any CPU
		AppStore|iPhone = AppStore|iPhone
		AppStore|iPhoneSimulator = AppStore|iPhoneSimulator
		Debug|Any CPU = Debug|Any CPU
		Debug|iPhone = Debug|iPhone
		Debug|iPhoneSimulator = Debug|iPhoneSimulator
		Release|Any CPU = Release|Any CPU
		Release|iPhone = Release|iPhone
		Release|iPhoneSimulator = Release|iPhoneSimulator
	EndGlobalSection
	GlobalSection(ProjectConfigurationPlatforms) = postSolution
		{305112E2-42FC-4C97-828E-435EB257379B}.Ad-Hoc|Any CPU.ActiveCfg = Release|Any CPU
		{305112E2-42FC-4C97-828E-435EB257379B}.Ad-Hoc|Any CPU.Build.0 = Release|Any CPU
		{305112E2-42FC-4C97-828E-435EB257379B}.Ad-Hoc|Any CPU.Deploy.0 = Release|Any CPU
		{305112E2-42FC-4C97-828E-435EB257379B}.Ad-Hoc|iPhone.ActiveCfg = Release|Any CPU
		{305112E2-42FC-4C97-828E-435EB257379B}.Ad-Hoc|iPhone.Build.0 = Release|Any CPU
		{305112E2-42FC-4C97-828E-435EB257379B}.Ad-Hoc|iPhone.Deploy.0 = Release|Any CPU
		{305112E2-42FC-4C97-828E-435EB257379B}.Ad-Hoc|iPhoneSimulator.ActiveCfg = Release|Any CPU
		{305112E2-42FC-4C97-828E-435EB257379B}.Ad-Hoc|iPhoneSimulator.Build.0 = Release|Any CPU
		{305112E2-42FC-4C97-828E-435EB257379B}.Ad-Hoc|iPhoneSimulator.Deploy.0 = Release|Any CPU
		{305112E2-42FC-4C97-828E-435EB257379B}.AppStore|Any CPU.ActiveCfg = Release|Any CPU
		{305112E2-42FC-4C97-828E-435EB257379B}.AppStore|Any CPU.Build.0 = Release|Any CPU
		{305112E2-42FC-4C97-828E-435EB257379B}.AppStore|Any CPU.Deploy.0 = Release|Any CPU
		{305112E2-42FC-4C97-828E-435EB257379B}.AppStore|iPhone.ActiveCfg = Release|Any CPU
		{305112E2-42FC-4C97-828E-435EB257379B}.AppStore|iPhone.Build.0 = Release|Any CPU
		{305112E2-42FC-4C97-828E-435EB257379B}.AppStore|iPhone.Deploy.0 = Release|Any CPU
		{305112E2-42FC-4C97-828E-435EB257379B}.AppStore|iPhoneSimulator.ActiveCfg = Release|Any CPU
		{305112E2-42FC-4C97-828E-435EB257379B}.AppStore|iPhoneSimulator.Build.0 = Release|Any CPU
		{305112E2-42FC-4C97-828E-435EB257379B}.AppStore|iPhoneSimulator.Deploy.0 = Release|Any CPU
		{305112E2-42FC-4C97-828E-435EB257379B}.Debug|Any CPU.ActiveCfg = Debug|Any CPU
		{305112E2-42FC-4C97-828E-435EB257379B}.Debug|Any CPU.Build.0 = Debug|Any CPU
		{305112E2-42FC-4C97-828E-435EB257379B}.Debug|Any CPU.Deploy.0 = Debug|Any CPU
		{305112E2-42FC-4C97-828E-435EB257379B}.Debug|iPhone.ActiveCfg = Debug|Any CPU
		{305112E2-42FC-4C97-828E-435EB257379B}.Debug|iPhone.Build.0 = Debug|Any CPU
		{305112E2-42FC-4C97-828E-435EB257379B}.Debug|iPhone.Deploy.0 = Debug|Any CPU
		{305112E2-42FC-4C97-828E-435EB257379B}.Debug|iPhoneSimulator.ActiveCfg = Debug|Any CPU
		{305112E2-42FC-4C97-828E-435EB257379B}.Debug|iPhoneSimulator.Build.0 = Debug|Any CPU
		{305112E2-42FC-4C97-828E-435EB257379B}.Debug|iPhoneSimulator.Deploy.0 = Debug|Any CPU
		{305112E2-42FC-4C97-828E-435EB257379B}.Release|Any CPU.ActiveCfg = Release|Any CPU
		{305112E2-42FC-4C97-828E-435EB257379B}.Release|Any CPU.Build.0 = Release|Any CPU
		{305112E2-42FC-4C97-828E-435EB257379B}.Release|Any CPU.Deploy.0 = Release|Any CPU
		{305112E2-42FC-4C97-828E-435EB257379B}.Release|iPhone.ActiveCfg = Release|Any CPU
		{305112E2-42FC-4C97-828E-435EB257379B}.Release|iPhone.Build.0 = Release|Any CPU
		{305112E2-42FC-4C97-828E-435EB257379B}.Release|iPhone.Deploy.0 = Release|Any CPU
		{305112E2-42FC-4C97-828E-435EB257379B}.Release|iPhoneSimulator.ActiveCfg = Release|Any CPU
		{305112E2-42FC-4C97-828E-435EB257379B}.Release|iPhoneSimulator.Build.0 = Release|Any CPU
		{305112E2-42FC-4C97-828E-435EB257379B}.Release|iPhoneSimulator.Deploy.0 = Release|Any CPU
		{93BC34B3-0F78-4F11-82BE-8C88D48CAD3D}.Ad-Hoc|Any CPU.ActiveCfg = Ad-Hoc|iPhone
		{93BC34B3-0F78-4F11-82BE-8C88D48CAD3D}.Ad-Hoc|iPhone.ActiveCfg = Ad-Hoc|iPhone
		{93BC34B3-0F78-4F11-82BE-8C88D48CAD3D}.Ad-Hoc|iPhone.Build.0 = Ad-Hoc|iPhone
		{93BC34B3-0F78-4F11-82BE-8C88D48CAD3D}.Ad-Hoc|iPhoneSimulator.ActiveCfg = Ad-Hoc|iPhoneSimulator
		{93BC34B3-0F78-4F11-82BE-8C88D48CAD3D}.Ad-Hoc|iPhoneSimulator.Build.0 = Ad-Hoc|iPhoneSimulator
		{93BC34B3-0F78-4F11-82BE-8C88D48CAD3D}.AppStore|Any CPU.ActiveCfg = AppStore|iPhone
		{93BC34B3-0F78-4F11-82BE-8C88D48CAD3D}.AppStore|iPhone.ActiveCfg = AppStore|iPhone
		{93BC34B3-0F78-4F11-82BE-8C88D48CAD3D}.AppStore|iPhone.Build.0 = AppStore|iPhone
		{93BC34B3-0F78-4F11-82BE-8C88D48CAD3D}.AppStore|iPhoneSimulator.ActiveCfg = AppStore|iPhoneSimulator
		{93BC34B3-0F78-4F11-82BE-8C88D48CAD3D}.AppStore|iPhoneSimulator.Build.0 = AppStore|iPhoneSimulator
		{93BC34B3-0F78-4F11-82BE-8C88D48CAD3D}.Debug|Any CPU.ActiveCfg = Debug|iPhone
		{93BC34B3-0F78-4F11-82BE-8C88D48CAD3D}.Debug|iPhone.ActiveCfg = Debug|iPhone
		{93BC34B3-0F78-4F11-82BE-8C88D48CAD3D}.Debug|iPhone.Build.0 = Debug|iPhone
		{93BC34B3-0F78-4F11-82BE-8C88D48CAD3D}.Debug|iPhoneSimulator.ActiveCfg = Debug|iPhoneSimulator
		{93BC34B3-0F78-4F11-82BE-8C88D48CAD3D}.Debug|iPhoneSimulator.Build.0 = Debug|iPhoneSimulator
		{93BC34B3-0F78-4F11-82BE-8C88D48CAD3D}.Release|Any CPU.ActiveCfg = Release|iPhone
		{93BC34B3-0F78-4F11-82BE-8C88D48CAD3D}.Release|iPhone.ActiveCfg = Release|iPhone
		{93BC34B3-0F78-4F11-82BE-8C88D48CAD3D}.Release|iPhone.Build.0 = Release|iPhone
		{93BC34B3-0F78-4F11-82BE-8C88D48CAD3D}.Release|iPhoneSimulator.ActiveCfg = Release|iPhoneSimulator
		{93BC34B3-0F78-4F11-82BE-8C88D48CAD3D}.Release|iPhoneSimulator.Build.0 = Release|iPhoneSimulator
	EndGlobalSection
	GlobalSection(SolutionProperties) = preSolution
		HideSolutionNode = FALSE
	EndGlobalSection
EndGlobal
